# Brana Cloude isolated mTLS service
# Target: CPython 3.10, Windows AMD64. Wheel hashes are for this target.
# Generated 2026-09-29; install with: python -m pip install --require-hashes -r this-file
annotated-types==0.8.0 --hash=sha256:f072f4d804ea359e4eaf198b1af7a8b0943881a87f31bb764f8bf219bb9419e0
anycorn==0.20.1 --hash=sha256:56920c59aeb7d6e8a79e06773c5f42fc0079928cd2f39a4a9072285fd9007316
anyio==4.15.1 --hash=sha256:6152fdbbf9a77fdec97731721bebf7c4c44f7c29b424b0065826173efc7ed101
bcrypt==4.0.1 --hash=sha256:8a68f4341daf7522fe8d73874de8906f3a339048ba406be6ddc1b3ccb16fc0d9
certifi==2026.7.22 --hash=sha256:62f22742b58a1a33014a2b6b706588a8d7e2a88ae7bd1a6ebe8c992928483775
cffi==2.1.1 --hash=sha256:a48d62ab9d6f4f98c983223a547af44be6ca3691074c31cecced6facd3ba2dc1
click==8.5.0 --hash=sha256:255bc9599cf7748b4b1a446ccc735421bd08a2ae529a8b88597d3de5664ee360
colorama==0.4.6 --hash=sha256:4f1d9991f5acc0ca119f9d443620b77f9d6b33703e51011c16baf57afb285fc6
cryptography==43.0.3 --hash=sha256:0c580952eef9bf68c4747774cde7ec1d85a6e61de97281f2dba83c7d2c806362
ecdsa==0.19.2 --hash=sha256:840f5dc5e375c68f36c1a7a5b9caad28f95daa65185c9253c0c08dd952bb7399
exceptiongroup==1.3.1 --hash=sha256:a7a39a3bd276781e98394987d3a5701d0c4edffb633bb7a5144577f82c773598
fastapi==0.115.2 --hash=sha256:61704c71286579cc5a598763905928f24ee98bfcc07aabe84cfefb98812bbc86
greenlet==3.5.6 --hash=sha256:dad3d233d441a022c1f7155f0fb9d5aff7b97c1ea8c7dfa02cce586b16ab2d0b
h11==0.16.0 --hash=sha256:63cf8bbe7522de3bf65932fda1d9c2772064ffb3dae62d55932da54b31cb6c86
h2==4.4.1 --hash=sha256:0e25f1462b23c9cb82d9eb02e28bc706dac2a68cb457c6a0d74d63c8a2a5d0e6
hpack==4.2.0 --hash=sha256:858ac0b02280fa582b5080d68db0899c62a80375e0e5413a74970c5e518b6986
httpcore==1.0.9 --hash=sha256:2d400746a40668fc9dec9810239072b40b4484b640a8c38fd654a024c7a1bf55
httpx==0.27.2 --hash=sha256:7bb2708e112d8fdd7829cd4243970f0c223274051cb35ee80c03301ee29a3df0
hyperframe==6.1.0 --hash=sha256:b03380493a519fce58ea5af42e4a42317bf9bd425596f7a0835ffce80f1a42e5
idna==3.20 --hash=sha256:ab7ae7122974553370f0bdb919e1a960b2cd1bc1ef0276416d896db81c14582c
markdown-it-py==4.2.0 --hash=sha256:9f7ebbcd14fe59494226453aed97c1070d83f8d24b6fc3a3bcf9a38092641c4a
mdurl==0.1.2 --hash=sha256:84008a41e51615a49fc9966191ff91509e3c40b939176e643fd50a5c2196b8f8
passlib==1.7.4 --hash=sha256:aa6bca462b8d8bda89c70b382f0c298a20b5560af6cbfa2dce410c0a2fb669f1
priority==2.0.0 --hash=sha256:6f8eefce5f3ad59baf2c080a664037bb4725cd0a790d53d59ab4059288faf6aa
psycopg2-binary==2.9.10 --hash=sha256:3c18f74eb4386bf35e92ab2354a12c17e5eb4d9798e4c0ad3a00783eae7cd9f1
pyasn1==0.6.4 --hash=sha256:deda9277cfd454080ec40b207fb6df82206a3a2688735233cdcd8d3d565f088b
pycparser==3.0 --hash=sha256:b727414169a36b7d524c1c3e31839a521725078d7b2ff038656844266160a992
pydantic-core==2.23.4 --hash=sha256:7c9129eb40958b3d4500fa2467e6a83356b3b61bfff1b414c7361d9220f9ae8f
pydantic==2.9.2 --hash=sha256:f048cec7b26778210e28a0459867920654d48e5e62db0958433636cde4254f12
pygments==2.21.0 --hash=sha256:2363c69b61c4a97c838da3b130dcd6468f4848992b21a82f2a63ec34377137d9
python-dotenv==1.0.1 --hash=sha256:f7b63ef50f1b690dddf550d03497b66d609393b40b564ed0d674909a68ebf16a
python-jose==3.3.0 --hash=sha256:9b1376b023f8b298536eedd47ae1089bcdb848f1535ab30555cd92002d78923a
rich-click==1.9.9 --hash=sha256:365e7a9d0adb42e41ea832a0a12e02c44c079a26536dee688125eb9814f97274
rich==15.0.0 --hash=sha256:33bd4ef74232fb73fe9279a257718407f169c09b78a87ad3d296f548e27de0bb
rsa==4.9.1 --hash=sha256:68635866661c6836b8d39430f97a996acbd61bfa49406748ea243539fe239762
six==1.17.0 --hash=sha256:4721f391ed90541fddacab5acf947aa0d3dc7d27b2e1e8eda2be8970586c3274
sniffio==1.3.1 --hash=sha256:2f6da418d1f1e0fddd844478f41680e794e6051915791a034ff65e5f100525a2
SQLAlchemy==2.0.36 --hash=sha256:a86bfab2ef46d63300c0f06936bd6e6c0105faa11d509083ba8f2f9d237fb5b5
starlette==0.40.0 --hash=sha256:c494a22fae73805376ea6bf88439783ecfba9aac88a43911b48c653437e784c4
tomli==2.4.1 --hash=sha256:0d85819802132122da43cb86656f8d1f8c6587d54ae7dcaf30e90533028b49fe
typing-extensions==4.16.0 --hash=sha256:481caa481374e813c1b176ada14e97f1f67a4539ce9cfeb3f350d78d6370c2e8
wsproto==1.3.2 --hash=sha256:61eea322cdf56e8cc904bd3ad7573359a242ba65688716b0710a5eb12beab584
